
Microsoft Visual Studio Solution File, Format Version 12.00
# Visual Studio 15
VisualStudioVersion = 15.0.26124.0
MinimumVisualStudioVersion = 15.0.26124.0
Project("{FAE04EC0-301F-11D3-BF4B-00C04F79EFBC}") = "RulesEngine", "RulesEngine\RulesEngine.csproj", "{E46EFB76-041D-423C-B75C-0FDC63DC4BA7}"
EndProject
Project("{FAE04EC0-301F-11D3-BF4B-00C04F79EFBC}") = "Singleton", "Singleton\Singleton.csproj", "{413E4CB1-50AA-4EF3-BCE9-60D7C9A610C2}"
EndProject
Project("{FAE04EC0-301F-11D3-BF4B-00C04F79EFBC}") = "NullObject", "NullObject\NullObject.csproj", "{65A78A47-DEE2-4330-8F68-EA0EA6ABE86B}"
EndProject
Global
	GlobalSection(SolutionConfigurationPlatforms) = preSolution
		Debug|Any CPU = Debug|Any CPU
		Debug|x64 = Debug|x64
		Debug|x86 = Debug|x86
		Release|Any CPU = Release|Any CPU
		Release|x64 = Release|x64
		Release|x86 = Release|x86
	EndGlobalSection
	GlobalSection(SolutionProperties) = preSolution
		HideSolutionNode = FALSE
	EndGlobalSection
	GlobalSection(ProjectConfigurationPlatforms) = postSolution
		{E46EFB76-041D-423C-B75C-0FDC63DC4BA7}.Debug|Any CPU.ActiveCfg = Debug|Any CPU
		{E46EFB76-041D-423C-B75C-0FDC63DC4BA7}.Debug|Any CPU.Build.0 = Debug|Any CPU
		{E46EFB76-041D-423C-B75C-0FDC63DC4BA7}.Debug|x64.ActiveCfg = Debug|Any CPU
		{E46EFB76-041D-423C-B75C-0FDC63DC4BA7}.Debug|x64.Build.0 = Debug|Any CPU
		{E46EFB76-041D-423C-B75C-0FDC63DC4BA7}.Debug|x86.ActiveCfg = Debug|Any CPU
		{E46EFB76-041D-423C-B75C-0FDC63DC4BA7}.Debug|x86.Build.0 = Debug|Any CPU
		{E46EFB76-041D-423C-B75C-0FDC63DC4BA7}.Release|Any CPU.ActiveCfg = Release|Any CPU
		{E46EFB76-041D-423C-B75C-0FDC63DC4BA7}.Release|Any CPU.Build.0 = Release|Any CPU
		{E46EFB76-041D-423C-B75C-0FDC63DC4BA7}.Release|x64.ActiveCfg = Release|Any CPU
		{E46EFB76-041D-423C-B75C-0FDC63DC4BA7}.Release|x64.Build.0 = Release|Any CPU
		{E46EFB76-041D-423C-B75C-0FDC63DC4BA7}.Release|x86.ActiveCfg = Release|Any CPU
		{E46EFB76-041D-423C-B75C-0FDC63DC4BA7}.Release|x86.Build.0 = Release|Any CPU
		{413E4CB1-50AA-4EF3-BCE9-60D7C9A610C2}.Debug|Any CPU.ActiveCfg = Debug|Any CPU
		{413E4CB1-50AA-4EF3-BCE9-60D7C9A610C2}.Debug|Any CPU.Build.0 = Debug|Any CPU
		{413E4CB1-50AA-4EF3-BCE9-60D7C9A610C2}.Debug|x64.ActiveCfg = Debug|Any CPU
		{413E4CB1-50AA-4EF3-BCE9-60D7C9A610C2}.Debug|x64.Build.0 = Debug|Any CPU
		{413E4CB1-50AA-4EF3-BCE9-60D7C9A610C2}.Debug|x86.ActiveCfg = Debug|Any CPU
		{413E4CB1-50AA-4EF3-BCE9-60D7C9A610C2}.Debug|x86.Build.0 = Debug|Any CPU
		{413E4CB1-50AA-4EF3-BCE9-60D7C9A610C2}.Release|Any CPU.ActiveCfg = Release|Any CPU
		{413E4CB1-50AA-4EF3-BCE9-60D7C9A610C2}.Release|Any CPU.Build.0 = Release|Any CPU
		{413E4CB1-50AA-4EF3-BCE9-60D7C9A610C2}.Release|x64.ActiveCfg = Release|Any CPU
		{413E4CB1-50AA-4EF3-BCE9-60D7C9A610C2}.Release|x64.Build.0 = Release|Any CPU
		{413E4CB1-50AA-4EF3-BCE9-60D7C9A610C2}.Release|x86.ActiveCfg = Release|Any CPU
		{413E4CB1-50AA-4EF3-BCE9-60D7C9A610C2}.Release|x86.Build.0 = Release|Any CPU
		{65A78A47-DEE2-4330-8F68-EA0EA6ABE86B}.Debug|Any CPU.ActiveCfg = Debug|Any CPU
		{65A78A47-DEE2-4330-8F68-EA0EA6ABE86B}.Debug|Any CPU.Build.0 = Debug|Any CPU
		{65A78A47-DEE2-4330-8F68-EA0EA6ABE86B}.Debug|x64.ActiveCfg = Debug|Any CPU
		{65A78A47-DEE2-4330-8F68-EA0EA6ABE86B}.Debug|x64.Build.0 = Debug|Any CPU
		{65A78A47-DEE2-4330-8F68-EA0EA6ABE86B}.Debug|x86.ActiveCfg = Debug|Any CPU
		{65A78A47-DEE2-4330-8F68-EA0EA6ABE86B}.Debug|x86.Build.0 = Debug|Any CPU
		{65A78A47-DEE2-4330-8F68-EA0EA6ABE86B}.Release|Any CPU.ActiveCfg = Release|Any CPU
		{65A78A47-DEE2-4330-8F68-EA0EA6ABE86B}.Release|Any CPU.Build.0 = Release|Any CPU
		{65A78A47-DEE2-4330-8F68-EA0EA6ABE86B}.Release|x64.ActiveCfg = Release|Any CPU
		{65A78A47-DEE2-4330-8F68-EA0EA6ABE86B}.Release|x64.Build.0 = Release|Any CPU
		{65A78A47-DEE2-4330-8F68-EA0EA6ABE86B}.Release|x86.ActiveCfg = Release|Any CPU
		{65A78A47-DEE2-4330-8F68-EA0EA6ABE86B}.Release|x86.Build.0 = Release|Any CPU
	EndGlobalSection
EndGlobal
