
Microsoft Visual Studio Solution File, Format Version 12.00
# Visual Studio Version 16
VisualStudioVersion = 16.0.31005.135
MinimumVisualStudioVersion = 15.0.26124.0
Project("{9A19103F-16F7-4668-BE54-9A1E7A4F7556}") = "RulesEngine", "RulesEngine\RulesEngine.csproj", "{E46EFB76-041D-423C-B75C-0FDC63DC4BA7}"
EndProject
Project("{9A19103F-16F7-4668-BE54-9A1E7A4F7556}") = "Singleton", "Singleton\Singleton.csproj", "{413E4CB1-50AA-4EF3-BCE9-60D7C9A610C2}"
EndProject
Project("{9A19103F-16F7-4668-BE54-9A1E7A4F7556}") = "NullObject", "NullObject\NullObject.csproj", "{65A78A47-DEE2-4330-8F68-EA0EA6ABE86B}"
EndProject
Project("{9A19103F-16F7-4668-BE54-9A1E7A4F7556}") = "State", "State\State.csproj", "{2F653C33-8077-4320-9ABB-9CDFFD9B2909}"
EndProject
Project("{9A19103F-16F7-4668-BE54-9A1E7A4F7556}") = "Composite", "Composite\Composite.csproj", "{20E99A39-C855-4DAE-8F77-1840053CC2A3}"
EndProject
Project("{FAE04EC0-301F-11D3-BF4B-00C04F79EFBC}") = "Builder", "Builder\Builder.csproj", "{6CCCFBA2-1E3A-4890-8F7E-FDA9BCAD54E0}"
EndProject
Project("{FAE04EC0-301F-11D3-BF4B-00C04F79EFBC}") = "Factory", "Factory\Factory.csproj", "{C4649F1B-6CE5-4D39-8A56-C010FDAB740F}"
EndProject
Project("{FAE04EC0-301F-11D3-BF4B-00C04F79EFBC}") = "Factory.Tests", "Factory.Tests\Factory.Tests.csproj", "{45BD4E34-D5C6-46AD-AF7A-CE638A13850E}"
EndProject
Global
	GlobalSection(SolutionConfigurationPlatforms) = preSolution
		Debug|Any CPU = Debug|Any CPU
		Debug|x64 = Debug|x64
		Debug|x86 = Debug|x86
		Release|Any CPU = Release|Any CPU
		Release|x64 = Release|x64
		Release|x86 = Release|x86
	EndGlobalSection
	GlobalSection(ProjectConfigurationPlatforms) = postSolution
		{E46EFB76-041D-423C-B75C-0FDC63DC4BA7}.Debug|Any CPU.ActiveCfg = Debug|Any CPU
		{E46EFB76-041D-423C-B75C-0FDC63DC4BA7}.Debug|Any CPU.Build.0 = Debug|Any CPU
		{E46EFB76-041D-423C-B75C-0FDC63DC4BA7}.Debug|x64.ActiveCfg = Debug|Any CPU
		{E46EFB76-041D-423C-B75C-0FDC63DC4BA7}.Debug|x64.Build.0 = Debug|Any CPU
		{E46EFB76-041D-423C-B75C-0FDC63DC4BA7}.Debug|x86.ActiveCfg = Debug|Any CPU
		{E46EFB76-041D-423C-B75C-0FDC63DC4BA7}.Debug|x86.Build.0 = Debug|Any CPU
		{E46EFB76-041D-423C-B75C-0FDC63DC4BA7}.Release|Any CPU.ActiveCfg = Release|Any CPU
		{E46EFB76-041D-423C-B75C-0FDC63DC4BA7}.Release|Any CPU.Build.0 = Release|Any CPU
		{E46EFB76-041D-423C-B75C-0FDC63DC4BA7}.Release|x64.ActiveCfg = Release|Any CPU
		{E46EFB76-041D-423C-B75C-0FDC63DC4BA7}.Release|x64.Build.0 = Release|Any CPU
		{E46EFB76-041D-423C-B75C-0FDC63DC4BA7}.Release|x86.ActiveCfg = Release|Any CPU
		{E46EFB76-041D-423C-B75C-0FDC63DC4BA7}.Release|x86.Build.0 = Release|Any CPU
		{413E4CB1-50AA-4EF3-BCE9-60D7C9A610C2}.Debug|Any CPU.ActiveCfg = Debug|Any CPU
		{413E4CB1-50AA-4EF3-BCE9-60D7C9A610C2}.Debug|Any CPU.Build.0 = Debug|Any CPU
		{413E4CB1-50AA-4EF3-BCE9-60D7C9A610C2}.Debug|x64.ActiveCfg = Debug|Any CPU
		{413E4CB1-50AA-4EF3-BCE9-60D7C9A610C2}.Debug|x64.Build.0 = Debug|Any CPU
		{413E4CB1-50AA-4EF3-BCE9-60D7C9A610C2}.Debug|x86.ActiveCfg = Debug|Any CPU
		{413E4CB1-50AA-4EF3-BCE9-60D7C9A610C2}.Debug|x86.Build.0 = Debug|Any CPU
		{413E4CB1-50AA-4EF3-BCE9-60D7C9A610C2}.Release|Any CPU.ActiveCfg = Release|Any CPU
		{413E4CB1-50AA-4EF3-BCE9-60D7C9A610C2}.Release|Any CPU.Build.0 = Release|Any CPU
		{413E4CB1-50AA-4EF3-BCE9-60D7C9A610C2}.Release|x64.ActiveCfg = Release|Any CPU
		{413E4CB1-50AA-4EF3-BCE9-60D7C9A610C2}.Release|x64.Build.0 = Release|Any CPU
		{413E4CB1-50AA-4EF3-BCE9-60D7C9A610C2}.Release|x86.ActiveCfg = Release|Any CPU
		{413E4CB1-50AA-4EF3-BCE9-60D7C9A610C2}.Release|x86.Build.0 = Release|Any CPU
		{65A78A47-DEE2-4330-8F68-EA0EA6ABE86B}.Debug|Any CPU.ActiveCfg = Debug|Any CPU
		{65A78A47-DEE2-4330-8F68-EA0EA6ABE86B}.Debug|Any CPU.Build.0 = Debug|Any CPU
		{65A78A47-DEE2-4330-8F68-EA0EA6ABE86B}.Debug|x64.ActiveCfg = Debug|Any CPU
		{65A78A47-DEE2-4330-8F68-EA0EA6ABE86B}.Debug|x64.Build.0 = Debug|Any CPU
		{65A78A47-DEE2-4330-8F68-EA0EA6ABE86B}.Debug|x86.ActiveCfg = Debug|Any CPU
		{65A78A47-DEE2-4330-8F68-EA0EA6ABE86B}.Debug|x86.Build.0 = Debug|Any CPU
		{65A78A47-DEE2-4330-8F68-EA0EA6ABE86B}.Release|Any CPU.ActiveCfg = Release|Any CPU
		{65A78A47-DEE2-4330-8F68-EA0EA6ABE86B}.Release|Any CPU.Build.0 = Release|Any CPU
		{65A78A47-DEE2-4330-8F68-EA0EA6ABE86B}.Release|x64.ActiveCfg = Release|Any CPU
		{65A78A47-DEE2-4330-8F68-EA0EA6ABE86B}.Release|x64.Build.0 = Release|Any CPU
		{65A78A47-DEE2-4330-8F68-EA0EA6ABE86B}.Release|x86.ActiveCfg = Release|Any CPU
		{65A78A47-DEE2-4330-8F68-EA0EA6ABE86B}.Release|x86.Build.0 = Release|Any CPU
		{2F653C33-8077-4320-9ABB-9CDFFD9B2909}.Debug|Any CPU.ActiveCfg = Debug|Any CPU
		{2F653C33-8077-4320-9ABB-9CDFFD9B2909}.Debug|Any CPU.Build.0 = Debug|Any CPU
		{2F653C33-8077-4320-9ABB-9CDFFD9B2909}.Debug|x64.ActiveCfg = Debug|Any CPU
		{2F653C33-8077-4320-9ABB-9CDFFD9B2909}.Debug|x64.Build.0 = Debug|Any CPU
		{2F653C33-8077-4320-9ABB-9CDFFD9B2909}.Debug|x86.ActiveCfg = Debug|Any CPU
		{2F653C33-8077-4320-9ABB-9CDFFD9B2909}.Debug|x86.Build.0 = Debug|Any CPU
		{2F653C33-8077-4320-9ABB-9CDFFD9B2909}.Release|Any CPU.ActiveCfg = Release|Any CPU
		{2F653C33-8077-4320-9ABB-9CDFFD9B2909}.Release|Any CPU.Build.0 = Release|Any CPU
		{2F653C33-8077-4320-9ABB-9CDFFD9B2909}.Release|x64.ActiveCfg = Release|Any CPU
		{2F653C33-8077-4320-9ABB-9CDFFD9B2909}.Release|x64.Build.0 = Release|Any CPU
		{2F653C33-8077-4320-9ABB-9CDFFD9B2909}.Release|x86.ActiveCfg = Release|Any CPU
		{2F653C33-8077-4320-9ABB-9CDFFD9B2909}.Release|x86.Build.0 = Release|Any CPU
		{20E99A39-C855-4DAE-8F77-1840053CC2A3}.Debug|Any CPU.ActiveCfg = Debug|Any CPU
		{20E99A39-C855-4DAE-8F77-1840053CC2A3}.Debug|Any CPU.Build.0 = Debug|Any CPU
		{20E99A39-C855-4DAE-8F77-1840053CC2A3}.Debug|x64.ActiveCfg = Debug|Any CPU
		{20E99A39-C855-4DAE-8F77-1840053CC2A3}.Debug|x64.Build.0 = Debug|Any CPU
		{20E99A39-C855-4DAE-8F77-1840053CC2A3}.Debug|x86.ActiveCfg = Debug|Any CPU
		{20E99A39-C855-4DAE-8F77-1840053CC2A3}.Debug|x86.Build.0 = Debug|Any CPU
		{20E99A39-C855-4DAE-8F77-1840053CC2A3}.Release|Any CPU.ActiveCfg = Release|Any CPU
		{20E99A39-C855-4DAE-8F77-1840053CC2A3}.Release|Any CPU.Build.0 = Release|Any CPU
		{20E99A39-C855-4DAE-8F77-1840053CC2A3}.Release|x64.ActiveCfg = Release|Any CPU
		{20E99A39-C855-4DAE-8F77-1840053CC2A3}.Release|x64.Build.0 = Release|Any CPU
		{20E99A39-C855-4DAE-8F77-1840053CC2A3}.Release|x86.ActiveCfg = Release|Any CPU
		{20E99A39-C855-4DAE-8F77-1840053CC2A3}.Release|x86.Build.0 = Release|Any CPU
		{6CCCFBA2-1E3A-4890-8F7E-FDA9BCAD54E0}.Debug|Any CPU.ActiveCfg = Debug|Any CPU
		{6CCCFBA2-1E3A-4890-8F7E-FDA9BCAD54E0}.Debug|Any CPU.Build.0 = Debug|Any CPU
		{6CCCFBA2-1E3A-4890-8F7E-FDA9BCAD54E0}.Debug|x64.ActiveCfg = Debug|Any CPU
		{6CCCFBA2-1E3A-4890-8F7E-FDA9BCAD54E0}.Debug|x64.Build.0 = Debug|Any CPU
		{6CCCFBA2-1E3A-4890-8F7E-FDA9BCAD54E0}.Debug|x86.ActiveCfg = Debug|Any CPU
		{6CCCFBA2-1E3A-4890-8F7E-FDA9BCAD54E0}.Debug|x86.Build.0 = Debug|Any CPU
		{6CCCFBA2-1E3A-4890-8F7E-FDA9BCAD54E0}.Release|Any CPU.ActiveCfg = Release|Any CPU
		{6CCCFBA2-1E3A-4890-8F7E-FDA9BCAD54E0}.Release|Any CPU.Build.0 = Release|Any CPU
		{6CCCFBA2-1E3A-4890-8F7E-FDA9BCAD54E0}.Release|x64.ActiveCfg = Release|Any CPU
		{6CCCFBA2-1E3A-4890-8F7E-FDA9BCAD54E0}.Release|x64.Build.0 = Release|Any CPU
		{6CCCFBA2-1E3A-4890-8F7E-FDA9BCAD54E0}.Release|x86.ActiveCfg = Release|Any CPU
		{6CCCFBA2-1E3A-4890-8F7E-FDA9BCAD54E0}.Release|x86.Build.0 = Release|Any CPU
		{C4649F1B-6CE5-4D39-8A56-C010FDAB740F}.Debug|Any CPU.ActiveCfg = Debug|Any CPU
		{C4649F1B-6CE5-4D39-8A56-C010FDAB740F}.Debug|Any CPU.Build.0 = Debug|Any CPU
		{C4649F1B-6CE5-4D39-8A56-C010FDAB740F}.Debug|x64.ActiveCfg = Debug|Any CPU
		{C4649F1B-6CE5-4D39-8A56-C010FDAB740F}.Debug|x64.Build.0 = Debug|Any CPU
		{C4649F1B-6CE5-4D39-8A56-C010FDAB740F}.Debug|x86.ActiveCfg = Debug|Any CPU
		{C4649F1B-6CE5-4D39-8A56-C010FDAB740F}.Debug|x86.Build.0 = Debug|Any CPU
		{C4649F1B-6CE5-4D39-8A56-C010FDAB740F}.Release|Any CPU.ActiveCfg = Release|Any CPU
		{C4649F1B-6CE5-4D39-8A56-C010FDAB740F}.Release|Any CPU.Build.0 = Release|Any CPU
		{C4649F1B-6CE5-4D39-8A56-C010FDAB740F}.Release|x64.ActiveCfg = Release|Any CPU
		{C4649F1B-6CE5-4D39-8A56-C010FDAB740F}.Release|x64.Build.0 = Release|Any CPU
		{C4649F1B-6CE5-4D39-8A56-C010FDAB740F}.Release|x86.ActiveCfg = Release|Any CPU
		{C4649F1B-6CE5-4D39-8A56-C010FDAB740F}.Release|x86.Build.0 = Release|Any CPU
		{45BD4E34-D5C6-46AD-AF7A-CE638A13850E}.Debug|Any CPU.ActiveCfg = Debug|Any CPU
		{45BD4E34-D5C6-46AD-AF7A-CE638A13850E}.Debug|Any CPU.Build.0 = Debug|Any CPU
		{45BD4E34-D5C6-46AD-AF7A-CE638A13850E}.Debug|x64.ActiveCfg = Debug|Any CPU
		{45BD4E34-D5C6-46AD-AF7A-CE638A13850E}.Debug|x64.Build.0 = Debug|Any CPU
		{45BD4E34-D5C6-46AD-AF7A-CE638A13850E}.Debug|x86.ActiveCfg = Debug|Any CPU
		{45BD4E34-D5C6-46AD-AF7A-CE638A13850E}.Debug|x86.Build.0 = Debug|Any CPU
		{45BD4E34-D5C6-46AD-AF7A-CE638A13850E}.Release|Any CPU.ActiveCfg = Release|Any CPU
		{45BD4E34-D5C6-46AD-AF7A-CE638A13850E}.Release|Any CPU.Build.0 = Release|Any CPU
		{45BD4E34-D5C6-46AD-AF7A-CE638A13850E}.Release|x64.ActiveCfg = Release|Any CPU
		{45BD4E34-D5C6-46AD-AF7A-CE638A13850E}.Release|x64.Build.0 = Release|Any CPU
		{45BD4E34-D5C6-46AD-AF7A-CE638A13850E}.Release|x86.ActiveCfg = Release|Any CPU
		{45BD4E34-D5C6-46AD-AF7A-CE638A13850E}.Release|x86.Build.0 = Release|Any CPU
	EndGlobalSection
	GlobalSection(SolutionProperties) = preSolution
		HideSolutionNode = FALSE
	EndGlobalSection
	GlobalSection(ExtensibilityGlobals) = postSolution
		SolutionGuid = {ADCBC0CA-6C5B-4A7A-8583-BB3A446486EA}
	EndGlobalSection
EndGlobal
